
Microsoft Visual Studio Solution File, Format Version 12.00
# Visual Studio Version 17
VisualStudioVersion = 17.9.34723.18
MinimumVisualStudioVersion = 10.0.40219.1
Project("{9A19103F-16F7-4668-BE54-9A1E7A4F7556}") = "SpacecapsCase.Infrastructure.API", "SpacecapsCase\SpacecapsCase.Infrastructure.API.csproj", "{B8B6C2BF-01C9-4E1F-BEC0-64DF49CDD4D5}"
EndProject
Project("{FAE04EC0-301F-11D3-BF4B-00C04F79EFBC}") = "SpacecapsCase.Domain", "SpacecapsCase.Domain\SpacecapsCase.Domain.csproj", "{2A66749D-A74E-4DE4-9D2D-F66EA4412F20}"
EndProject
Project("{FAE04EC0-301F-11D3-BF4B-00C04F79EFBC}") = "SpacecapsCase.Application", "SpacecapsCase.Application\SpacecapsCase.Application.csproj", "{07E4F758-D0BB-4F1D-B40B-739ED0CED387}"
EndProject
Project("{FAE04EC0-301F-11D3-BF4B-00C04F79EFBC}") = "SpacecapsCase.Infrastructure.Data", "SpacecapsCase.Infrastructure.Data\SpacecapsCase.Infrastructure.Data.csproj", "{5D04AE20-A1D2-40C7-BDE9-FE1BF503C5BF}"
EndProject
Global
	GlobalSection(SolutionConfigurationPlatforms) = preSolution
		Debug|Any CPU = Debug|Any CPU
		Release|Any CPU = Release|Any CPU
	EndGlobalSection
	GlobalSection(ProjectConfigurationPlatforms) = postSolution
		{B8B6C2BF-01C9-4E1F-BEC0-64DF49CDD4D5}.Debug|Any CPU.ActiveCfg = Debug|Any CPU
		{B8B6C2BF-01C9-4E1F-BEC0-64DF49CDD4D5}.Debug|Any CPU.Build.0 = Debug|Any CPU
		{B8B6C2BF-01C9-4E1F-BEC0-64DF49CDD4D5}.Release|Any CPU.ActiveCfg = Release|Any CPU
		{B8B6C2BF-01C9-4E1F-BEC0-64DF49CDD4D5}.Release|Any CPU.Build.0 = Release|Any CPU
		{2A66749D-A74E-4DE4-9D2D-F66EA4412F20}.Debug|Any CPU.ActiveCfg = Debug|Any CPU
		{2A66749D-A74E-4DE4-9D2D-F66EA4412F20}.Debug|Any CPU.Build.0 = Debug|Any CPU
		{2A66749D-A74E-4DE4-9D2D-F66EA4412F20}.Release|Any CPU.ActiveCfg = Release|Any CPU
		{2A66749D-A74E-4DE4-9D2D-F66EA4412F20}.Release|Any CPU.Build.0 = Release|Any CPU
		{07E4F758-D0BB-4F1D-B40B-739ED0CED387}.Debug|Any CPU.ActiveCfg = Debug|Any CPU
		{07E4F758-D0BB-4F1D-B40B-739ED0CED387}.Debug|Any CPU.Build.0 = Debug|Any CPU
		{07E4F758-D0BB-4F1D-B40B-739ED0CED387}.Release|Any CPU.ActiveCfg = Release|Any CPU
		{07E4F758-D0BB-4F1D-B40B-739ED0CED387}.Release|Any CPU.Build.0 = Release|Any CPU
		{5D04AE20-A1D2-40C7-BDE9-FE1BF503C5BF}.Debug|Any CPU.ActiveCfg = Debug|Any CPU
		{5D04AE20-A1D2-40C7-BDE9-FE1BF503C5BF}.Debug|Any CPU.Build.0 = Debug|Any CPU
		{5D04AE20-A1D2-40C7-BDE9-FE1BF503C5BF}.Release|Any CPU.ActiveCfg = Release|Any CPU
		{5D04AE20-A1D2-40C7-BDE9-FE1BF503C5BF}.Release|Any CPU.Build.0 = Release|Any CPU
	EndGlobalSection
	GlobalSection(SolutionProperties) = preSolution
		HideSolutionNode = FALSE
	EndGlobalSection
	GlobalSection(ExtensibilityGlobals) = postSolution
		SolutionGuid = {353218A9-D5A8-44B4-BD57-B438F37E184D}
	EndGlobalSection
EndGlobal
